
Microsoft Visual Studio Solution File, Format Version 12.00
# Visual Studio Version 16
VisualStudioVersion = 16.0.29519.87
MinimumVisualStudioVersion = 10.0.40219.1
Project("{FAE04EC0-301F-11D3-BF4B-00C04F79EFBC}") = "AdventOfCode2020", "AdventOfCode2020\AdventOfCode2020.csproj", "{AE3B7955-0D96-4CED-9EBC-14B08120D2F3}"
EndProject
Global
	GlobalSection(SolutionConfigurationPlatforms) = preSolution
		Debug|Any CPU = Debug|Any CPU
		Release|Any CPU = Release|Any CPU
	EndGlobalSection
	GlobalSection(ProjectConfigurationPlatforms) = postSolution
		{AE3B7955-0D96-4CED-9EBC-14B08120D2F3}.Debug|Any CPU.ActiveCfg = Debug|Any CPU
		{AE3B7955-0D96-4CED-9EBC-14B08120D2F3}.Debug|Any CPU.Build.0 = Debug|Any CPU
		{AE3B7955-0D96-4CED-9EBC-14B08120D2F3}.Release|Any CPU.ActiveCfg = Release|Any CPU
		{AE3B7955-0D96-4CED-9EBC-14B08120D2F3}.Release|Any CPU.Build.0 = Release|Any CPU
	EndGlobalSection
	GlobalSection(SolutionProperties) = preSolution
		HideSolutionNode = FALSE
	EndGlobalSection
	GlobalSection(ExtensibilityGlobals) = postSolution
		SolutionGuid = {524EB037-BCB8-4DF0-A551-172560E4EFB9}
	EndGlobalSection
EndGlobal
